
Microsoft Visual Studio Solution File, Format Version 12.00
# Visual Studio Version 17
VisualStudioVersion = 17.13.35919.96
MinimumVisualStudioVersion = 10.0.40219.1
Project("{FAE04EC0-301F-11D3-BF4B-00C04F79EFBC}") = "1-1-3DP主控软件：人机交互模块", "1-3DP主控界面(人机交互模块)\1-1-3DP主控软件：人机交互模块.csproj", "{BCF23539-2C6C-4F5E-B42D-C480D10613FE}"
EndProject
Project("{FAE04EC0-301F-11D3-BF4B-00C04F79EFBC}") = "2-开放性电气模块：端口、一键启动配置", "2-SetParamDlg\2-开放性电气模块：端口、一键启动配置.csproj", "{8635D156-22AB-4525-B1C9-498E1F1E8F2D}"
EndProject
Project("{FAE04EC0-301F-11D3-BF4B-00C04F79EFBC}") = "3-附属控件：LabelTextboxCheckCompose", "4-LabelTextboxCheckCompose\3-附属控件：LabelTextboxCheckCompose.csproj", "{11AD8AA2-7452-4AD5-8A83-5F1D2B018E03}"
EndProject
Project("{FAE04EC0-301F-11D3-BF4B-00C04F79EFBC}") = "1-2-3DP数据结构及组件接口", "4-1：3DP数据结构\1-2-3DP数据结构及组件接口.csproj", "{D58326BF-22B5-463C-A961-9560BC83F504}"
EndProject
Project("{FAE04EC0-301F-11D3-BF4B-00C04F79EFBC}") = "3-附属控件：UserControl2", "UserControl2\3-附属控件：UserControl2.csproj", "{B55667B1-E18D-4AB9-B565-D77C1A9B8612}"
EndProject
Project("{FAE04EC0-301F-11D3-BF4B-00C04F79EFBC}") = "3-UserControl3", "3-附属控件：UserControl3\3-UserControl3.csproj", "{AE7AF8AD-5C42-4DDB-A599-602EF4A99D21}"
EndProject
Project("{54435603-DBB4-11D2-8724-00A0C9A8B90C}") = "3DPrintControl Setup（LaserADD）", "3DPrintControlSetup（LaserADD）\3DPrintControlSetup（LaserADD）.vdproj", "{6D84041A-69DE-4634-A33B-0F7151EB1347}"
EndProject
Project("{FAE04EC0-301F-11D3-BF4B-00C04F79EFBC}") = "4-服务端：RIP组件进程", "RIP组件\4-服务端：RIP组件进程.csproj", "{B1D4C4DB-E34F-42E3-B929-555E6161855E}"
EndProject
Project("{FAE04EC0-301F-11D3-BF4B-00C04F79EFBC}") = "4-RemoteLayersDataStruct", "4-RemoteLayersDataStruct\4-RemoteLayersDataStruct.csproj", "{26BB61C8-E39E-413B-A867-6CDBA8A30C69}"
EndProject
Project("{FAE04EC0-301F-11D3-BF4B-00C04F79EFBC}") = "4-PrintRasterConfig", "4-PrintRasterConfig\4-PrintRasterConfig.csproj", "{E7B3C4D5-8A2F-4E1B-9C0D-1A2B3C4D5E6F}"
EndProject
Project("{FAE04EC0-301F-11D3-BF4B-00C04F79EFBC}") = "CustomPanel", "CustomPanel\CustomPanel.csproj", "{413129E7-20CE-4BA0-AC7C-C5BA8F6B3A27}"
EndProject
Project("{9A19103F-16F7-4668-BE54-9A1E7A4F7556}") = "PluginLibrary", "PluginLibrary\PluginLibrary.csproj", "{5C69A3F4-D55D-4585-8889-E8B01B7C5DF2}"
EndProject
Project("{9A19103F-16F7-4668-BE54-9A1E7A4F7556}") = "PluginInterface", "PluginInterface\PluginInterface.csproj", "{77225DF4-18C8-47AD-AA9A-DC6FBE4C42F5}"
EndProject
Project("{2150E333-8FDC-42A3-9474-1A3956D46DE8}") = "解决方案项", "解决方案项", "{9FA3D6BD-1EC1-3BA5-80CB-CE02773A58D5}"
EndProject
Global
	GlobalSection(SolutionConfigurationPlatforms) = preSolution
		Debug|Any CPU = Debug|Any CPU
		Debug|x64 = Debug|x64
		Debug|x86 = Debug|x86
		Release|Any CPU = Release|Any CPU
		Release|x64 = Release|x64
		Release|x86 = Release|x86
	EndGlobalSection
	GlobalSection(ProjectConfigurationPlatforms) = postSolution
		{BCF23539-2C6C-4F5E-B42D-C480D10613FE}.Debug|Any CPU.ActiveCfg = Debug|Any CPU
		{BCF23539-2C6C-4F5E-B42D-C480D10613FE}.Debug|Any CPU.Build.0 = Debug|Any CPU
		{BCF23539-2C6C-4F5E-B42D-C480D10613FE}.Debug|x64.ActiveCfg = Debug|x64
		{BCF23539-2C6C-4F5E-B42D-C480D10613FE}.Debug|x64.Build.0 = Debug|x64
		{BCF23539-2C6C-4F5E-B42D-C480D10613FE}.Debug|x86.ActiveCfg = Debug|Any CPU
		{BCF23539-2C6C-4F5E-B42D-C480D10613FE}.Debug|x86.Build.0 = Debug|Any CPU
		{BCF23539-2C6C-4F5E-B42D-C480D10613FE}.Release|Any CPU.ActiveCfg = Release|Any CPU
		{BCF23539-2C6C-4F5E-B42D-C480D10613FE}.Release|Any CPU.Build.0 = Release|Any CPU
		{BCF23539-2C6C-4F5E-B42D-C480D10613FE}.Release|x64.ActiveCfg = Release|x64
		{BCF23539-2C6C-4F5E-B42D-C480D10613FE}.Release|x64.Build.0 = Release|x64
		{BCF23539-2C6C-4F5E-B42D-C480D10613FE}.Release|x86.ActiveCfg = Release|Any CPU
		{BCF23539-2C6C-4F5E-B42D-C480D10613FE}.Release|x86.Build.0 = Release|Any CPU
		{8635D156-22AB-4525-B1C9-498E1F1E8F2D}.Debug|Any CPU.ActiveCfg = Debug|Any CPU
		{8635D156-22AB-4525-B1C9-498E1F1E8F2D}.Debug|Any CPU.Build.0 = Debug|Any CPU
		{8635D156-22AB-4525-B1C9-498E1F1E8F2D}.Debug|x64.ActiveCfg = Debug|x64
		{8635D156-22AB-4525-B1C9-498E1F1E8F2D}.Debug|x64.Build.0 = Debug|x64
		{8635D156-22AB-4525-B1C9-498E1F1E8F2D}.Debug|x86.ActiveCfg = Debug|Any CPU
		{8635D156-22AB-4525-B1C9-498E1F1E8F2D}.Debug|x86.Build.0 = Debug|Any CPU
		{8635D156-22AB-4525-B1C9-498E1F1E8F2D}.Release|Any CPU.ActiveCfg = Release|Any CPU
		{8635D156-22AB-4525-B1C9-498E1F1E8F2D}.Release|Any CPU.Build.0 = Release|Any CPU
		{8635D156-22AB-4525-B1C9-498E1F1E8F2D}.Release|x64.ActiveCfg = Release|x64
		{8635D156-22AB-4525-B1C9-498E1F1E8F2D}.Release|x64.Build.0 = Release|x64
		{8635D156-22AB-4525-B1C9-498E1F1E8F2D}.Release|x86.ActiveCfg = Release|Any CPU
		{8635D156-22AB-4525-B1C9-498E1F1E8F2D}.Release|x86.Build.0 = Release|Any CPU
		{11AD8AA2-7452-4AD5-8A83-5F1D2B018E03}.Debug|Any CPU.ActiveCfg = Debug|Any CPU
		{11AD8AA2-7452-4AD5-8A83-5F1D2B018E03}.Debug|Any CPU.Build.0 = Debug|Any CPU
		{11AD8AA2-7452-4AD5-8A83-5F1D2B018E03}.Debug|x64.ActiveCfg = Debug|Any CPU
		{11AD8AA2-7452-4AD5-8A83-5F1D2B018E03}.Debug|x64.Build.0 = Debug|Any CPU
		{11AD8AA2-7452-4AD5-8A83-5F1D2B018E03}.Debug|x86.ActiveCfg = Debug|Any CPU
		{11AD8AA2-7452-4AD5-8A83-5F1D2B018E03}.Debug|x86.Build.0 = Debug|Any CPU
		{11AD8AA2-7452-4AD5-8A83-5F1D2B018E03}.Release|Any CPU.ActiveCfg = Release|Any CPU
		{11AD8AA2-7452-4AD5-8A83-5F1D2B018E03}.Release|Any CPU.Build.0 = Release|Any CPU
		{11AD8AA2-7452-4AD5-8A83-5F1D2B018E03}.Release|x64.ActiveCfg = Release|Any CPU
		{11AD8AA2-7452-4AD5-8A83-5F1D2B018E03}.Release|x64.Build.0 = Release|Any CPU
		{11AD8AA2-7452-4AD5-8A83-5F1D2B018E03}.Release|x86.ActiveCfg = Release|Any CPU
		{11AD8AA2-7452-4AD5-8A83-5F1D2B018E03}.Release|x86.Build.0 = Release|Any CPU
		{D58326BF-22B5-463C-A961-9560BC83F504}.Debug|Any CPU.ActiveCfg = Debug|Any CPU
		{D58326BF-22B5-463C-A961-9560BC83F504}.Debug|Any CPU.Build.0 = Debug|Any CPU
		{D58326BF-22B5-463C-A961-9560BC83F504}.Debug|x64.ActiveCfg = Debug|x64
		{D58326BF-22B5-463C-A961-9560BC83F504}.Debug|x64.Build.0 = Debug|x64
		{D58326BF-22B5-463C-A961-9560BC83F504}.Debug|x86.ActiveCfg = Debug|Any CPU
		{D58326BF-22B5-463C-A961-9560BC83F504}.Debug|x86.Build.0 = Debug|Any CPU
		{D58326BF-22B5-463C-A961-9560BC83F504}.Release|Any CPU.ActiveCfg = Release|Any CPU
		{D58326BF-22B5-463C-A961-9560BC83F504}.Release|Any CPU.Build.0 = Release|Any CPU
		{D58326BF-22B5-463C-A961-9560BC83F504}.Release|x64.ActiveCfg = Release|x64
		{D58326BF-22B5-463C-A961-9560BC83F504}.Release|x64.Build.0 = Release|x64
		{D58326BF-22B5-463C-A961-9560BC83F504}.Release|x86.ActiveCfg = Release|Any CPU
		{D58326BF-22B5-463C-A961-9560BC83F504}.Release|x86.Build.0 = Release|Any CPU
		{B55667B1-E18D-4AB9-B565-D77C1A9B8612}.Debug|Any CPU.ActiveCfg = Debug|Any CPU
		{B55667B1-E18D-4AB9-B565-D77C1A9B8612}.Debug|Any CPU.Build.0 = Debug|Any CPU
		{B55667B1-E18D-4AB9-B565-D77C1A9B8612}.Debug|x64.ActiveCfg = Debug|Any CPU
		{B55667B1-E18D-4AB9-B565-D77C1A9B8612}.Debug|x64.Build.0 = Debug|Any CPU
		{B55667B1-E18D-4AB9-B565-D77C1A9B8612}.Debug|x86.ActiveCfg = Debug|Any CPU
		{B55667B1-E18D-4AB9-B565-D77C1A9B8612}.Debug|x86.Build.0 = Debug|Any CPU
		{B55667B1-E18D-4AB9-B565-D77C1A9B8612}.Release|Any CPU.ActiveCfg = Release|Any CPU
		{B55667B1-E18D-4AB9-B565-D77C1A9B8612}.Release|Any CPU.Build.0 = Release|Any CPU
		{B55667B1-E18D-4AB9-B565-D77C1A9B8612}.Release|x64.ActiveCfg = Release|Any CPU
		{B55667B1-E18D-4AB9-B565-D77C1A9B8612}.Release|x64.Build.0 = Release|Any CPU
		{B55667B1-E18D-4AB9-B565-D77C1A9B8612}.Release|x86.ActiveCfg = Release|Any CPU
		{B55667B1-E18D-4AB9-B565-D77C1A9B8612}.Release|x86.Build.0 = Release|Any CPU
		{AE7AF8AD-5C42-4DDB-A599-602EF4A99D21}.Debug|Any CPU.ActiveCfg = Debug|Any CPU
		{AE7AF8AD-5C42-4DDB-A599-602EF4A99D21}.Debug|Any CPU.Build.0 = Debug|Any CPU
		{AE7AF8AD-5C42-4DDB-A599-602EF4A99D21}.Debug|x64.ActiveCfg = Debug|Any CPU
		{AE7AF8AD-5C42-4DDB-A599-602EF4A99D21}.Debug|x64.Build.0 = Debug|Any CPU
		{AE7AF8AD-5C42-4DDB-A599-602EF4A99D21}.Debug|x86.ActiveCfg = Debug|Any CPU
		{AE7AF8AD-5C42-4DDB-A599-602EF4A99D21}.Debug|x86.Build.0 = Debug|Any CPU
		{AE7AF8AD-5C42-4DDB-A599-602EF4A99D21}.Release|Any CPU.ActiveCfg = Release|Any CPU
		{AE7AF8AD-5C42-4DDB-A599-602EF4A99D21}.Release|Any CPU.Build.0 = Release|Any CPU
		{AE7AF8AD-5C42-4DDB-A599-602EF4A99D21}.Release|x64.ActiveCfg = Release|Any CPU
		{AE7AF8AD-5C42-4DDB-A599-602EF4A99D21}.Release|x64.Build.0 = Release|Any CPU
		{AE7AF8AD-5C42-4DDB-A599-602EF4A99D21}.Release|x86.ActiveCfg = Release|Any CPU
		{AE7AF8AD-5C42-4DDB-A599-602EF4A99D21}.Release|x86.Build.0 = Release|Any CPU
		{6D84041A-69DE-4634-A33B-0F7151EB1347}.Debug|Any CPU.ActiveCfg = Debug
		{6D84041A-69DE-4634-A33B-0F7151EB1347}.Debug|x64.ActiveCfg = Debug
		{6D84041A-69DE-4634-A33B-0F7151EB1347}.Debug|x64.Build.0 = Debug
		{6D84041A-69DE-4634-A33B-0F7151EB1347}.Debug|x86.ActiveCfg = Debug
		{6D84041A-69DE-4634-A33B-0F7151EB1347}.Release|Any CPU.ActiveCfg = Release
		{6D84041A-69DE-4634-A33B-0F7151EB1347}.Release|x64.ActiveCfg = Release
		{6D84041A-69DE-4634-A33B-0F7151EB1347}.Release|x86.ActiveCfg = Release
		{B1D4C4DB-E34F-42E3-B929-555E6161855E}.Debug|Any CPU.ActiveCfg = Debug|Any CPU
		{B1D4C4DB-E34F-42E3-B929-555E6161855E}.Debug|Any CPU.Build.0 = Debug|Any CPU
		{B1D4C4DB-E34F-42E3-B929-555E6161855E}.Debug|x64.ActiveCfg = Debug|x64
		{B1D4C4DB-E34F-42E3-B929-555E6161855E}.Debug|x64.Build.0 = Debug|x64
		{B1D4C4DB-E34F-42E3-B929-555E6161855E}.Debug|x86.ActiveCfg = Debug|Any CPU
		{B1D4C4DB-E34F-42E3-B929-555E6161855E}.Debug|x86.Build.0 = Debug|Any CPU
		{B1D4C4DB-E34F-42E3-B929-555E6161855E}.Release|Any CPU.ActiveCfg = Release|Any CPU
		{B1D4C4DB-E34F-42E3-B929-555E6161855E}.Release|Any CPU.Build.0 = Release|Any CPU
		{B1D4C4DB-E34F-42E3-B929-555E6161855E}.Release|x64.ActiveCfg = Release|x64
		{B1D4C4DB-E34F-42E3-B929-555E6161855E}.Release|x64.Build.0 = Release|x64
		{B1D4C4DB-E34F-42E3-B929-555E6161855E}.Release|x86.ActiveCfg = Release|Any CPU
		{B1D4C4DB-E34F-42E3-B929-555E6161855E}.Release|x86.Build.0 = Release|Any CPU
		{26BB61C8-E39E-413B-A867-6CDBA8A30C69}.Debug|Any CPU.ActiveCfg = Debug|Any CPU
		{26BB61C8-E39E-413B-A867-6CDBA8A30C69}.Debug|Any CPU.Build.0 = Debug|Any CPU
		{26BB61C8-E39E-413B-A867-6CDBA8A30C69}.Debug|x64.ActiveCfg = Debug|x64
		{26BB61C8-E39E-413B-A867-6CDBA8A30C69}.Debug|x64.Build.0 = Debug|x64
		{26BB61C8-E39E-413B-A867-6CDBA8A30C69}.Debug|x86.ActiveCfg = Debug|Any CPU
		{26BB61C8-E39E-413B-A867-6CDBA8A30C69}.Debug|x86.Build.0 = Debug|Any CPU
		{26BB61C8-E39E-413B-A867-6CDBA8A30C69}.Release|Any CPU.ActiveCfg = Release|Any CPU
		{26BB61C8-E39E-413B-A867-6CDBA8A30C69}.Release|Any CPU.Build.0 = Release|Any CPU
		{26BB61C8-E39E-413B-A867-6CDBA8A30C69}.Release|x64.ActiveCfg = Release|x64
		{26BB61C8-E39E-413B-A867-6CDBA8A30C69}.Release|x64.Build.0 = Release|x64
		{26BB61C8-E39E-413B-A867-6CDBA8A30C69}.Release|x86.ActiveCfg = Release|Any CPU
		{26BB61C8-E39E-413B-A867-6CDBA8A30C69}.Release|x86.Build.0 = Release|Any CPU
		{E7B3C4D5-8A2F-4E1B-9C0D-1A2B3C4D5E6F}.Debug|Any CPU.ActiveCfg = Debug|Any CPU
		{E7B3C4D5-8A2F-4E1B-9C0D-1A2B3C4D5E6F}.Debug|Any CPU.Build.0 = Debug|Any CPU
		{E7B3C4D5-8A2F-4E1B-9C0D-1A2B3C4D5E6F}.Debug|x64.ActiveCfg = Debug|x64
		{E7B3C4D5-8A2F-4E1B-9C0D-1A2B3C4D5E6F}.Debug|x64.Build.0 = Debug|x64
		{E7B3C4D5-8A2F-4E1B-9C0D-1A2B3C4D5E6F}.Debug|x86.ActiveCfg = Debug|Any CPU
		{E7B3C4D5-8A2F-4E1B-9C0D-1A2B3C4D5E6F}.Debug|x86.Build.0 = Debug|Any CPU
		{E7B3C4D5-8A2F-4E1B-9C0D-1A2B3C4D5E6F}.Release|Any CPU.ActiveCfg = Release|Any CPU
		{E7B3C4D5-8A2F-4E1B-9C0D-1A2B3C4D5E6F}.Release|Any CPU.Build.0 = Release|Any CPU
		{E7B3C4D5-8A2F-4E1B-9C0D-1A2B3C4D5E6F}.Release|x64.ActiveCfg = Release|x64
		{E7B3C4D5-8A2F-4E1B-9C0D-1A2B3C4D5E6F}.Release|x64.Build.0 = Release|x64
		{E7B3C4D5-8A2F-4E1B-9C0D-1A2B3C4D5E6F}.Release|x86.ActiveCfg = Release|Any CPU
		{E7B3C4D5-8A2F-4E1B-9C0D-1A2B3C4D5E6F}.Release|x86.Build.0 = Release|Any CPU
		{413129E7-20CE-4BA0-AC7C-C5BA8F6B3A27}.Debug|Any CPU.ActiveCfg = Debug|Any CPU
		{413129E7-20CE-4BA0-AC7C-C5BA8F6B3A27}.Debug|Any CPU.Build.0 = Debug|Any CPU
		{413129E7-20CE-4BA0-AC7C-C5BA8F6B3A27}.Debug|x64.ActiveCfg = Debug|Any CPU
		{413129E7-20CE-4BA0-AC7C-C5BA8F6B3A27}.Debug|x64.Build.0 = Debug|Any CPU
		{413129E7-20CE-4BA0-AC7C-C5BA8F6B3A27}.Debug|x86.ActiveCfg = Debug|Any CPU
		{413129E7-20CE-4BA0-AC7C-C5BA8F6B3A27}.Debug|x86.Build.0 = Debug|Any CPU
		{413129E7-20CE-4BA0-AC7C-C5BA8F6B3A27}.Release|Any CPU.ActiveCfg = Release|Any CPU
		{413129E7-20CE-4BA0-AC7C-C5BA8F6B3A27}.Release|Any CPU.Build.0 = Release|Any CPU
		{413129E7-20CE-4BA0-AC7C-C5BA8F6B3A27}.Release|x64.ActiveCfg = Release|Any CPU
		{413129E7-20CE-4BA0-AC7C-C5BA8F6B3A27}.Release|x64.Build.0 = Release|Any CPU
		{413129E7-20CE-4BA0-AC7C-C5BA8F6B3A27}.Release|x86.ActiveCfg = Release|Any CPU
		{413129E7-20CE-4BA0-AC7C-C5BA8F6B3A27}.Release|x86.Build.0 = Release|Any CPU
		{5C69A3F4-D55D-4585-8889-E8B01B7C5DF2}.Debug|Any CPU.ActiveCfg = Debug|Any CPU
		{5C69A3F4-D55D-4585-8889-E8B01B7C5DF2}.Debug|Any CPU.Build.0 = Debug|Any CPU
		{5C69A3F4-D55D-4585-8889-E8B01B7C5DF2}.Debug|x64.ActiveCfg = Debug|Any CPU
		{5C69A3F4-D55D-4585-8889-E8B01B7C5DF2}.Debug|x64.Build.0 = Debug|Any CPU
		{5C69A3F4-D55D-4585-8889-E8B01B7C5DF2}.Debug|x86.ActiveCfg = Debug|Any CPU
		{5C69A3F4-D55D-4585-8889-E8B01B7C5DF2}.Debug|x86.Build.0 = Debug|Any CPU
		{5C69A3F4-D55D-4585-8889-E8B01B7C5DF2}.Release|Any CPU.ActiveCfg = Release|Any CPU
		{5C69A3F4-D55D-4585-8889-E8B01B7C5DF2}.Release|Any CPU.Build.0 = Release|Any CPU
		{5C69A3F4-D55D-4585-8889-E8B01B7C5DF2}.Release|x64.ActiveCfg = Release|Any CPU
		{5C69A3F4-D55D-4585-8889-E8B01B7C5DF2}.Release|x64.Build.0 = Release|Any CPU
		{5C69A3F4-D55D-4585-8889-E8B01B7C5DF2}.Release|x86.ActiveCfg = Release|Any CPU
		{5C69A3F4-D55D-4585-8889-E8B01B7C5DF2}.Release|x86.Build.0 = Release|Any CPU
		{77225DF4-18C8-47AD-AA9A-DC6FBE4C42F5}.Debug|Any CPU.ActiveCfg = Debug|Any CPU
		{77225DF4-18C8-47AD-AA9A-DC6FBE4C42F5}.Debug|Any CPU.Build.0 = Debug|Any CPU
		{77225DF4-18C8-47AD-AA9A-DC6FBE4C42F5}.Debug|x64.ActiveCfg = Debug|Any CPU
		{77225DF4-18C8-47AD-AA9A-DC6FBE4C42F5}.Debug|x64.Build.0 = Debug|Any CPU
		{77225DF4-18C8-47AD-AA9A-DC6FBE4C42F5}.Debug|x86.ActiveCfg = Debug|Any CPU
		{77225DF4-18C8-47AD-AA9A-DC6FBE4C42F5}.Debug|x86.Build.0 = Debug|Any CPU
		{77225DF4-18C8-47AD-AA9A-DC6FBE4C42F5}.Release|Any CPU.ActiveCfg = Release|Any CPU
		{77225DF4-18C8-47AD-AA9A-DC6FBE4C42F5}.Release|Any CPU.Build.0 = Release|Any CPU
		{77225DF4-18C8-47AD-AA9A-DC6FBE4C42F5}.Release|x64.ActiveCfg = Release|Any CPU
		{77225DF4-18C8-47AD-AA9A-DC6FBE4C42F5}.Release|x64.Build.0 = Release|Any CPU
		{77225DF4-18C8-47AD-AA9A-DC6FBE4C42F5}.Release|x86.ActiveCfg = Release|Any CPU
		{77225DF4-18C8-47AD-AA9A-DC6FBE4C42F5}.Release|x86.Build.0 = Release|Any CPU
	EndGlobalSection
	GlobalSection(SolutionProperties) = preSolution
		HideSolutionNode = FALSE
	EndGlobalSection
	GlobalSection(ExtensibilityGlobals) = postSolution
		SolutionGuid = {4BCF7527-3622-4ED6-9CAA-6C57C93594A4}
	EndGlobalSection
EndGlobal
