<?xml version="1.0" encoding="utf-8"?>
<Project ToolsVersion="4.0" xmlns="http://schemas.microsoft.com/developer/msbuild/2003">
  <ItemGroup>
    <Filter Include="Translation Files">
      <UniqueIdentifier>{639EADAA-A684-42e4-A9AD-28FC9BCB8F7C}</UniqueIdentifier>
      <Extensions>ts</Extensions>
    </Filter>
    <Filter Include="src">
      <UniqueIdentifier>{99349809-55BA-4b9d-BF79-8FDBB0286EB3}</UniqueIdentifier>
      <Extensions>ui</Extensions>
    </Filter>
    <Filter Include="src\ui">
      <UniqueIdentifier>{d17bacac-dbcb-486e-b750-410996990d3c}</UniqueIdentifier>
    </Filter>
    <Filter Include="src\beckhoffPlc">
      <UniqueIdentifier>{cb797e49-fdcb-4d6c-a64f-fb7c8e239013}</UniqueIdentifier>
    </Filter>
    <Filter Include="src\common">
      <UniqueIdentifier>{8d976dd0-85b4-48f2-8ff4-bd439246c11d}</UniqueIdentifier>
    </Filter>
    <Filter Include="src\log">
      <UniqueIdentifier>{3c812cbf-7d8f-49df-9667-3dfbcfb498e8}</UniqueIdentifier>
    </Filter>
    <Filter Include="src\imageProcess">
      <UniqueIdentifier>{68fbee18-439a-433c-a3c4-d9733c6822cc}</UniqueIdentifier>
    </Filter>
    <Filter Include="src\meteor">
      <UniqueIdentifier>{b49324f6-a111-41c8-8bf2-8c1747acfc1b}</UniqueIdentifier>
    </Filter>
    <Filter Include="src\main">
      <UniqueIdentifier>{75fbb352-c735-49fc-91d7-a3c88b871e68}</UniqueIdentifier>
    </Filter>
    <Filter Include="src\auth">
      <UniqueIdentifier>{b6b305d7-131a-4ec0-a5fa-1dc73db90cf6}</UniqueIdentifier>
    </Filter>
    <Filter Include="src\view">
      <UniqueIdentifier>{28f2df89-5602-446b-97fe-77bb265e51f2}</UniqueIdentifier>
    </Filter>
    <Filter Include="src\admin">
      <UniqueIdentifier>{7ecb2656-3024-4a20-8896-22db80f5c88d}</UniqueIdentifier>
    </Filter>
    <Filter Include="src\crash">
      <UniqueIdentifier>{63edc103-f397-472e-9fcc-10b522e1764b}</UniqueIdentifier>
    </Filter>
    <Filter Include="res">
      <UniqueIdentifier>{67DA6AB6-F800-4c08-8B7A-83BB121AAD01}</UniqueIdentifier>
      <Extensions>qrc;rc;ico;cur;bmp;dlg;rc2;rct;bin;rgs;gif;jpg;jpeg;jpe;resx;tiff;tif;png;wav;mfcribbon-ms</Extensions>
    </Filter>
  </ItemGroup>
  <ItemGroup>
    <QtRcc Include="HiPrint.qrc">
      <Filter>res</Filter>
    </QtRcc>
  </ItemGroup>
  <ItemGroup>
    <ClCompile Include="src\core\plc\AdsErrorMapper.cpp">
      <Filter>src\beckhoffPlc</Filter>
    </ClCompile>
    <ClCompile Include="src\core\plc\BeckhoffPlc.cpp">
      <Filter>src\beckhoffPlc</Filter>
    </ClCompile>
    <ClCompile Include="src\core\plc\BeckhoffPLCApi.cpp">
      <Filter>src\beckhoffPlc</Filter>
    </ClCompile>
    <ClCompile Include="src\common\utils\FileOp.cpp">
      <Filter>src\common</Filter>
    </ClCompile>
    <ClCompile Include="src\common\global\ParameterManager.cpp">
      <Filter>src\common</Filter>
    </ClCompile>
    <ClCompile Include="src\common\db\SqlQuery.cpp">
      <Filter>src\common</Filter>
    </ClCompile>
    <ClCompile Include="src\core\imageProcessing\ImageProcessor.cpp">
      <Filter>src\imageProcess</Filter>
    </ClCompile>
    <ClCompile Include="src\core\printEngine\MeteorApi.cpp">
      <Filter>src\meteor</Filter>
    </ClCompile>
    <ClCompile Include="src\core\printEngine\MeteorErrorMap.cpp">
      <Filter>src\meteor</Filter>
    </ClCompile>
    <ClCompile Include="3rdparty\meteor\MeteorPath.cpp">
      <Filter>src\meteor</Filter>
    </ClCompile>
    <ClCompile Include="src\core\printEngine\PrintJobManagerThread.cpp">
      <Filter>src\meteor</Filter>
    </ClCompile>
    <ClCompile Include="src\core\printEngine\PrintStatusManagerThread.cpp">
      <Filter>src\meteor</Filter>
    </ClCompile>
    <ClCompile Include="3rdparty\aes\QAESEncryption.cpp">
      <Filter>src\auth</Filter>
    </ClCompile>
    <ClCompile Include="src\core\modelView\ImageDelegate.cpp">
      <Filter>src\view</Filter>
    </ClCompile>
    <ClCompile Include="src\core\modelView\ImageTreeModel.cpp">
      <Filter>src\view</Filter>
    </ClCompile>
    <ClCompile Include="src\core\modelView\TreeItem.cpp">
      <Filter>src\view</Filter>
    </ClCompile>
    <ClCompile Include="src\common\logging\LogManager.cpp">
      <Filter>src\log</Filter>
    </ClCompile>
    <ClCompile Include="src\common\logging\QTextEditLogSink.cpp">
      <Filter>src\log</Filter>
    </ClCompile>
    <ClCompile Include="src\common\auth\LoginController.cpp">
      <Filter>src\admin</Filter>
    </ClCompile>
    <ClCompile Include="src\common\auth\UserAccountManager.cpp">
      <Filter>src\admin</Filter>
    </ClCompile>
    <ClCompile Include="src\common\crash\CrashHandler.cpp">
      <Filter>src\crash</Filter>
    </ClCompile>
    <ClCompile Include="src\app\HiPrint.cpp">
      <Filter>src\main</Filter>
    </ClCompile>
    <ClCompile Include="src\app\main.cpp">
      <Filter>src\main</Filter>
    </ClCompile>
    <ClCompile Include="src\common\auth\PasswordHelper.cpp" />
    <ClCompile Include="src\common\auth\UserManager.cpp" />
    <ClCompile Include="src\core\printEngine\PrintCommandManagerThread.cpp" />
    <ClCompile Include="src\common\utils\MessageBoxHelper.cpp" />
    <ClCompile Include="src\common\utils\StatusIndicatorLabel.cpp" />
    <ClCompile Include="src\core\plc\BeckhoffPlcManager.cpp" />
    <ClCompile Include="src\core\uiComponents\toolBars\MainToolBar.cpp" />
    <ClCompile Include="src\core\uiComponents\menu\MainMenuBar.cpp" />
    <ClCompile Include="src\core\uiComponents\status\MainStatusBar.cpp" />
    <ClCompile Include="src\core\uiComponents\printConfig\PrintJobListPanel.cpp" />
    <ClCompile Include="src\core\uiComponents\printConfig\FlashSpraySettings.cpp" />
    <ClCompile Include="src\core\uiComponents\printConfig\PrintSettings.cpp" />
    <ClCompile Include="src\core\uiComponents\printConfig\ImageSettings.cpp" />
    <ClCompile Include="src\core\uiComponents\printConfig\NozzleSettings.cpp" />
    <ClCompile Include="src\core\uiComponents\printConfig\FactorySettings.cpp" />
    <ClCompile Include="src\core\uiComponents\printConfig\PrintParamSettings.cpp" />
    <ClCompile Include="src\core\uiComponents\plcControl\PlcFeatureSwitchPage.cpp" />
    <ClCompile Include="src\core\uiComponents\plcControl\PlcParamSettingsPage.cpp" />
    <ClCompile Include="src\core\uiComponents\plcControl\PlcManualControlPage.cpp" />
    <ClCompile Include="src\core\uiComponents\plcControl\IoMonitorPage.cpp" />
    <ClCompile Include="src\core\uiComponents\plcControl\AuxiliaryMachinePage.cpp" />
    <ClCompile Include="src\core\uiComponents\plcControl\OtherParamsPage.cpp" />
    <ClCompile Include="src\core\uiComponents\printConfig\PrintConfigManager.cpp" />
    <ClCompile Include="src\core\uiComponents\plcControl\MasterDeviceSettings.cpp" />
    <ClCompile Include="src\core\uiComponents\plcControl\SlaveDeviceSettings.cpp" />
    <ClCompile Include="src\core\uiComponents\printConfig\inkPathSettings.cpp" />
    <ClCompile Include="src\common\utils\AppSettings.cpp" />
    <ClCompile Include="src\core\printEngine\WorkerThreadManager.cpp" />
    <ClCompile Include="src\core\imageProcessing\ImageProcessorFactory.cpp" />
    <ClCompile Include="src\common\utils\JsonFileReader.cpp" />
    <ClCompile Include="src\core\plc\DeviceMappingConfig.cpp" />
    <ClCompile Include="src\core\uiComponents\printConfig\PrintConfigDialog.cpp" />
    <ClCompile Include="src\common\global\ProcessParamManager.cpp" />
    <ClCompile Include="src\core\uiComponents\plcControl\PLCParamConfigManager.cpp" />
  </ItemGroup>
  <ItemGroup>
    <QtMoc Include="src\core\plc\BeckhoffPlc.h">
      <Filter>src\beckhoffPlc</Filter>
    </QtMoc>
    <QtMoc Include="src\core\plc\BeckhoffPLCApi.h">
      <Filter>src\beckhoffPlc</Filter>
    </QtMoc>
    <QtMoc Include="src\common\global\ParameterManager.h">
      <Filter>src\common</Filter>
    </QtMoc>
    <QtMoc Include="src\common\db\SqlQuery.h">
      <Filter>src\common</Filter>
    </QtMoc>
    <QtMoc Include="src\core\printEngine\MeteorApi.h">
      <Filter>src\meteor</Filter>
    </QtMoc>
    <QtMoc Include="src\core\printEngine\PrintJobManagerThread.h">
      <Filter>src\meteor</Filter>
    </QtMoc>
    <QtMoc Include="src\core\printEngine\PrintStatusManagerThread.h">
      <Filter>src\meteor</Filter>
    </QtMoc>
    <QtMoc Include="3rdparty\aes\QAESEncryption.h">
      <Filter>src\auth</Filter>
    </QtMoc>
    <QtMoc Include="src\core\modelView\ImageDelegate.h">
      <Filter>src\view</Filter>
    </QtMoc>
    <QtMoc Include="src\core\modelView\ImageTreeModel.h">
      <Filter>src\view</Filter>
    </QtMoc>
    <QtMoc Include="src\common\auth\LoginController.h">
      <Filter>src\admin</Filter>
    </QtMoc>
    <QtMoc Include="src\common\auth\UserAccountManager.h">
      <Filter>src\admin</Filter>
    </QtMoc>
    <QtMoc Include="src\app\HiPrint.h">
      <Filter>src\main</Filter>
    </QtMoc>
    <QtMoc Include="src\core\printEngine\PrintCommandManagerThread.h" />
    <QtMoc Include="src\common\utils\StatusIndicatorLabel.h" />
    <QtMoc Include="src\core\plc\BeckhoffPlcManager.h" />
    <QtMoc Include="src\core\uiComponents\toolBars\MainToolBar.h" />
    <QtMoc Include="src\core\uiComponents\menu\MainMenuBar.h" />
    <QtMoc Include="src\core\uiComponents\status\MainStatusBar.h" />
    <QtMoc Include="src\core\uiComponents\printConfig\PrintJobListPanel.h" />
    <QtMoc Include="src\core\uiComponents\printConfig\FlashSpraySettings.h" />
    <QtMoc Include="src\core\uiComponents\printConfig\PrintSettings.h" />
    <QtMoc Include="src\core\uiComponents\printConfig\ImageSettings.h" />
    <QtMoc Include="src\core\uiComponents\printConfig\NozzleSettings.h" />
    <QtMoc Include="src\core\uiComponents\printConfig\FactorySettings.h" />
    <QtMoc Include="src\core\uiComponents\printConfig\PrintParamSettings.h" />
    <QtMoc Include="src\core\uiComponents\plcControl\PlcFeatureSwitchPage.h" />
    <QtMoc Include="src\core\uiComponents\plcControl\PlcParamSettingsPage.h" />
    <QtMoc Include="src\core\uiComponents\plcControl\PlcManualControlPage.h" />
    <QtMoc Include="src\core\uiComponents\plcControl\IoMonitorPage.h" />
    <QtMoc Include="src\core\uiComponents\plcControl\AuxiliaryMachinePage.h" />
    <QtMoc Include="src\core\uiComponents\plcControl\OtherParamsPage.h" />
    <QtMoc Include="src\core\uiComponents\printConfig\PrintConfigManager.h" />
    <QtMoc Include="src\core\uiComponents\plcControl\MasterDeviceSettings.h" />
    <QtMoc Include="src\core\uiComponents\plcControl\SlaveDeviceSettings.h" />
    <QtMoc Include="src\core\uiComponents\printConfig\inkPathSettings.h" />
    <QtMoc Include="src\core\printEngine\WorkerThreadManager.h" />
    <QtMoc Include="src\common\utils\JsonFileReader.h" />
    <QtMoc Include="src\core\plc\DeviceMappingConfig.h" />
    <QtMoc Include="src\core\uiComponents\printConfig\PrintConfigDialog.h" />
    <QtMoc Include="src\common\global\ProcessParamManager.h" />
    <QtMoc Include="src\core\uiComponents\plcControl\PLCParamConfigManager.h" />
  </ItemGroup>
  <ItemGroup>
    <ClInclude Include="src\core\plc\AdsErrorMapper.h">
      <Filter>src\beckhoffPlc</Filter>
    </ClInclude>
    <ClInclude Include="src\core\plc\PLCMacroDefinitions.h">
      <Filter>src\beckhoffPlc</Filter>
    </ClInclude>
    <ClInclude Include="src\core\plc\PLCCommonData.h">
      <Filter>src\beckhoffPlc</Filter>
    </ClInclude>
    <ClInclude Include="src\common\utils\FileOp.h">
      <Filter>src\common</Filter>
    </ClInclude>
    <ClInclude Include="src\common\config\MeteorConfig.h">
      <Filter>src\common</Filter>
    </ClInclude>
    <ClInclude Include="src\core\imageProcessing\ImageProcessor.h">
      <Filter>src\imageProcess</Filter>
    </ClInclude>
    <ClInclude Include="3rdparty\meteor\Meteor.h">
      <Filter>src\meteor</Filter>
    </ClInclude>
    <ClInclude Include="src\core\printEngine\MeteorErrorMap.h">
      <Filter>src\meteor</Filter>
    </ClInclude>
    <ClInclude Include="3rdparty\meteor\PrinterInterface.h">
      <Filter>src\meteor</Filter>
    </ClInclude>
    <ClInclude Include="3rdparty\meteor\typedef.h">
      <Filter>src\meteor</Filter>
    </ClInclude>
    <ClInclude Include="src\core\modelView\TreeItem.h">
      <Filter>src\view</Filter>
    </ClInclude>
    <ClInclude Include="src\common\logging\LogManager.h">
      <Filter>src\log</Filter>
    </ClInclude>
    <ClInclude Include="src\common\logging\QTextEditLogSink.h">
      <Filter>src\log</Filter>
    </ClInclude>
    <ClInclude Include="src\common\crash\CrashHandler.h">
      <Filter>src\crash</Filter>
    </ClInclude>
    <ClInclude Include="src\common\auth\PasswordHelper.h" />
    <ClInclude Include="src\common\auth\UserManager.h" />
    <ClInclude Include="src\common\auth\UserSession.h" />
    <ClInclude Include="src\common\utils\MessageBoxHelper.h" />
    <ClInclude Include="src\common\config\PrintJobTypeDef.h" />
    <ClInclude Include="3rdparty\spdlog\include\spdlog\async.h" />
    <ClInclude Include="3rdparty\spdlog\include\spdlog\async_logger.h" />
    <ClInclude Include="3rdparty\spdlog\include\spdlog\async_logger-inl.h" />
    <ClInclude Include="3rdparty\spdlog\include\spdlog\common.h" />
    <ClInclude Include="3rdparty\spdlog\include\spdlog\common-inl.h" />
    <ClInclude Include="3rdparty\spdlog\include\spdlog\formatter.h" />
    <ClInclude Include="3rdparty\spdlog\include\spdlog\fwd.h" />
    <ClInclude Include="3rdparty\spdlog\include\spdlog\logger.h" />
    <ClInclude Include="3rdparty\spdlog\include\spdlog\logger-inl.h" />
    <ClInclude Include="3rdparty\spdlog\include\spdlog\mdc.h" />
    <ClInclude Include="3rdparty\spdlog\include\spdlog\pattern_formatter.h" />
    <ClInclude Include="3rdparty\spdlog\include\spdlog\pattern_formatter-inl.h" />
    <ClInclude Include="3rdparty\spdlog\include\spdlog\spdlog.h" />
    <ClInclude Include="3rdparty\spdlog\include\spdlog\spdlog-inl.h" />
    <ClInclude Include="3rdparty\spdlog\include\spdlog\stopwatch.h" />
    <ClInclude Include="3rdparty\spdlog\include\spdlog\tweakme.h" />
    <ClInclude Include="3rdparty\spdlog\include\spdlog\version.h" />
    <ClInclude Include="3rdparty\spdlog\include\spdlog\cfg\argv.h" />
    <ClInclude Include="3rdparty\spdlog\include\spdlog\cfg\env.h" />
    <ClInclude Include="3rdparty\spdlog\include\spdlog\cfg\helpers.h" />
    <ClInclude Include="3rdparty\spdlog\include\spdlog\cfg\helpers-inl.h" />
    <ClInclude Include="3rdparty\spdlog\include\spdlog\details\backtracer.h" />
    <ClInclude Include="3rdparty\spdlog\include\spdlog\details\backtracer-inl.h" />
    <ClInclude Include="3rdparty\spdlog\include\spdlog\details\circular_q.h" />
    <ClInclude Include="3rdparty\spdlog\include\spdlog\details\console_globals.h" />
    <ClInclude Include="3rdparty\spdlog\include\spdlog\details\file_helper.h" />
    <ClInclude Include="3rdparty\spdlog\include\spdlog\details\file_helper-inl.h" />
    <ClInclude Include="3rdparty\spdlog\include\spdlog\details\fmt_helper.h" />
    <ClInclude Include="3rdparty\spdlog\include\spdlog\details\log_msg.h" />
    <ClInclude Include="3rdparty\spdlog\include\spdlog\details\log_msg_buffer.h" />
    <ClInclude Include="3rdparty\spdlog\include\spdlog\details\log_msg_buffer-inl.h" />
    <ClInclude Include="3rdparty\spdlog\include\spdlog\details\log_msg-inl.h" />
    <ClInclude Include="3rdparty\spdlog\include\spdlog\details\mpmc_blocking_q.h" />
    <ClInclude Include="3rdparty\spdlog\include\spdlog\details\null_mutex.h" />
    <ClInclude Include="3rdparty\spdlog\include\spdlog\details\os.h" />
    <ClInclude Include="3rdparty\spdlog\include\spdlog\details\os-inl.h" />
    <ClInclude Include="3rdparty\spdlog\include\spdlog\details\periodic_worker.h" />
    <ClInclude Include="3rdparty\spdlog\include\spdlog\details\periodic_worker-inl.h" />
    <ClInclude Include="3rdparty\spdlog\include\spdlog\details\registry.h" />
    <ClInclude Include="3rdparty\spdlog\include\spdlog\details\registry-inl.h" />
    <ClInclude Include="3rdparty\spdlog\include\spdlog\details\synchronous_factory.h" />
    <ClInclude Include="3rdparty\spdlog\include\spdlog\details\tcp_client.h" />
    <ClInclude Include="3rdparty\spdlog\include\spdlog\details\tcp_client-windows.h" />
    <ClInclude Include="3rdparty\spdlog\include\spdlog\details\thread_pool.h" />
    <ClInclude Include="3rdparty\spdlog\include\spdlog\details\thread_pool-inl.h" />
    <ClInclude Include="3rdparty\spdlog\include\spdlog\details\udp_client.h" />
    <ClInclude Include="3rdparty\spdlog\include\spdlog\details\udp_client-windows.h" />
    <ClInclude Include="3rdparty\spdlog\include\spdlog\details\windows_include.h" />
    <ClInclude Include="3rdparty\spdlog\include\spdlog\fmt\bundled\args.h" />
    <ClInclude Include="3rdparty\spdlog\include\spdlog\fmt\bundled\base.h" />
    <ClInclude Include="3rdparty\spdlog\include\spdlog\fmt\bundled\chrono.h" />
    <ClInclude Include="3rdparty\spdlog\include\spdlog\fmt\bundled\color.h" />
    <ClInclude Include="3rdparty\spdlog\include\spdlog\fmt\bundled\compile.h" />
    <ClInclude Include="3rdparty\spdlog\include\spdlog\fmt\bundled\core.h" />
    <ClInclude Include="3rdparty\spdlog\include\spdlog\fmt\bundled\format.h" />
    <ClInclude Include="3rdparty\spdlog\include\spdlog\fmt\bundled\format-inl.h" />
    <ClInclude Include="3rdparty\spdlog\include\spdlog\fmt\bundled\locale.h" />
    <ClInclude Include="3rdparty\spdlog\include\spdlog\fmt\bundled\os.h" />
    <ClInclude Include="3rdparty\spdlog\include\spdlog\fmt\bundled\ostream.h" />
    <ClInclude Include="3rdparty\spdlog\include\spdlog\fmt\bundled\printf.h" />
    <ClInclude Include="3rdparty\spdlog\include\spdlog\fmt\bundled\ranges.h" />
    <ClInclude Include="3rdparty\spdlog\include\spdlog\fmt\bundled\std.h" />
    <ClInclude Include="3rdparty\spdlog\include\spdlog\fmt\bundled\xchar.h" />
    <ClInclude Include="3rdparty\spdlog\include\spdlog\fmt\bin_to_hex.h" />
    <ClInclude Include="3rdparty\spdlog\include\spdlog\fmt\chrono.h" />
    <ClInclude Include="3rdparty\spdlog\include\spdlog\fmt\compile.h" />
    <ClInclude Include="3rdparty\spdlog\include\spdlog\fmt\fmt.h" />
    <ClInclude Include="3rdparty\spdlog\include\spdlog\fmt\ostr.h" />
    <ClInclude Include="3rdparty\spdlog\include\spdlog\fmt\ranges.h" />
    <ClInclude Include="3rdparty\spdlog\include\spdlog\fmt\std.h" />
    <ClInclude Include="3rdparty\spdlog\include\spdlog\fmt\xchar.h" />
    <ClInclude Include="3rdparty\spdlog\include\spdlog\sinks\android_sink.h" />
    <ClInclude Include="3rdparty\spdlog\include\spdlog\sinks\ansicolor_sink.h" />
    <ClInclude Include="3rdparty\spdlog\include\spdlog\sinks\ansicolor_sink-inl.h" />
    <ClInclude Include="3rdparty\spdlog\include\spdlog\sinks\base_sink.h" />
    <ClInclude Include="3rdparty\spdlog\include\spdlog\sinks\base_sink-inl.h" />
    <ClInclude Include="3rdparty\spdlog\include\spdlog\sinks\basic_file_sink.h" />
    <ClInclude Include="3rdparty\spdlog\include\spdlog\sinks\basic_file_sink-inl.h" />
    <ClInclude Include="3rdparty\spdlog\include\spdlog\sinks\callback_sink.h" />
    <ClInclude Include="3rdparty\spdlog\include\spdlog\sinks\daily_file_sink.h" />
    <ClInclude Include="3rdparty\spdlog\include\spdlog\sinks\dist_sink.h" />
    <ClInclude Include="3rdparty\spdlog\include\spdlog\sinks\dup_filter_sink.h" />
    <ClInclude Include="3rdparty\spdlog\include\spdlog\sinks\hourly_file_sink.h" />
    <ClInclude Include="3rdparty\spdlog\include\spdlog\sinks\kafka_sink.h" />
    <ClInclude Include="3rdparty\spdlog\include\spdlog\sinks\mongo_sink.h" />
    <ClInclude Include="3rdparty\spdlog\include\spdlog\sinks\msvc_sink.h" />
    <ClInclude Include="3rdparty\spdlog\include\spdlog\sinks\null_sink.h" />
    <ClInclude Include="3rdparty\spdlog\include\spdlog\sinks\ostream_sink.h" />
    <ClInclude Include="3rdparty\spdlog\include\spdlog\sinks\qt_sinks.h" />
    <ClInclude Include="3rdparty\spdlog\include\spdlog\sinks\ringbuffer_sink.h" />
    <ClInclude Include="3rdparty\spdlog\include\spdlog\sinks\rotating_file_sink.h" />
    <ClInclude Include="3rdparty\spdlog\include\spdlog\sinks\rotating_file_sink-inl.h" />
    <ClInclude Include="3rdparty\spdlog\include\spdlog\sinks\sink.h" />
    <ClInclude Include="3rdparty\spdlog\include\spdlog\sinks\sink-inl.h" />
    <ClInclude Include="3rdparty\spdlog\include\spdlog\sinks\stdout_color_sinks.h" />
    <ClInclude Include="3rdparty\spdlog\include\spdlog\sinks\stdout_color_sinks-inl.h" />
    <ClInclude Include="3rdparty\spdlog\include\spdlog\sinks\stdout_sinks.h" />
    <ClInclude Include="3rdparty\spdlog\include\spdlog\sinks\stdout_sinks-inl.h" />
    <ClInclude Include="3rdparty\spdlog\include\spdlog\sinks\syslog_sink.h" />
    <ClInclude Include="3rdparty\spdlog\include\spdlog\sinks\systemd_sink.h" />
    <ClInclude Include="3rdparty\spdlog\include\spdlog\sinks\tcp_sink.h" />
    <ClInclude Include="3rdparty\spdlog\include\spdlog\sinks\udp_sink.h" />
    <ClInclude Include="3rdparty\spdlog\include\spdlog\sinks\win_eventlog_sink.h" />
    <ClInclude Include="3rdparty\spdlog\include\spdlog\sinks\wincolor_sink.h" />
    <ClInclude Include="3rdparty\spdlog\include\spdlog\sinks\wincolor_sink-inl.h" />
    <ClInclude Include="3rdparty\tiff\include\tiff.h" />
    <ClInclude Include="3rdparty\tiff\include\tiffconf.h" />
    <ClInclude Include="3rdparty\tiff\include\tiffio.h" />
    <ClInclude Include="3rdparty\tiff\include\tiffio.hxx" />
    <ClInclude Include="3rdparty\tiff\include\tiffvers.h" />
    <ClInclude Include="src\common\global\ResourceManager.h" />
    <ClInclude Include="src\common\utils\AppSettings.h" />
    <ClInclude Include="src\core\imageProcessing\AbstractImageProcessor.h" />
    <ClInclude Include="src\core\imageProcessing\ImageProcessorFactory.h" />
    <ClInclude Include="src\core\plc\DeviceChannelData.h" />
    <ClInclude Include="resource.h" />
    <ClInclude Include="src\common\db\ProcessParamTables.h" />
  </ItemGroup>
  <ItemGroup>
    <QtUic Include="src\ui\HiPrint.ui">
      <Filter>src\ui</Filter>
    </QtUic>
    <QtUic Include="src\ui\LoginController.ui">
      <Filter>src\ui</Filter>
    </QtUic>
    <QtUic Include="src\ui\UserAccountManager.ui">
      <Filter>src\ui</Filter>
    </QtUic>
    <QtUic Include="src\ui\FlashSpraySettings.ui">
      <Filter>src</Filter>
    </QtUic>
    <QtUic Include="src\ui\PrintSettings.ui">
      <Filter>src</Filter>
    </QtUic>
    <QtUic Include="src\ui\ImageSettings.ui">
      <Filter>src</Filter>
    </QtUic>
    <QtUic Include="src\ui\NozzleSettings.ui">
      <Filter>src</Filter>
    </QtUic>
    <QtUic Include="src\ui\FactorySettings.ui">
      <Filter>src</Filter>
    </QtUic>
    <QtUic Include="src\ui\PrintParamSettings.ui">
      <Filter>src</Filter>
    </QtUic>
    <QtUic Include="src\ui\PlcFeatureSwitchPage.ui">
      <Filter>src</Filter>
    </QtUic>
    <QtUic Include="src\ui\PlcParamSettingsPage.ui">
      <Filter>src</Filter>
    </QtUic>
    <QtUic Include="src\ui\PlcManualControlPage.ui">
      <Filter>src</Filter>
    </QtUic>
    <QtUic Include="src\ui\IoMonitorPage.ui">
      <Filter>src</Filter>
    </QtUic>
    <QtUic Include="src\ui\AuxiliaryMachinePage.ui">
      <Filter>src</Filter>
    </QtUic>
    <QtUic Include="src\ui\OtherParamsPage.ui">
      <Filter>src</Filter>
    </QtUic>
    <QtUic Include="src\ui\PrintConfigManager.ui">
      <Filter>src</Filter>
    </QtUic>
    <QtUic Include="src\ui\MasterDeviceSettings.ui">
      <Filter>src</Filter>
    </QtUic>
    <QtUic Include="src\ui\SlaveDeviceSettings.ui">
      <Filter>src</Filter>
    </QtUic>
    <QtUic Include="src\ui\inkPathSettings.ui">
      <Filter>src</Filter>
    </QtUic>
    <QtUic Include="src\ui\PLCParamConfigManager.ui">
      <Filter>src</Filter>
    </QtUic>
  </ItemGroup>
  <ItemGroup>
    <None Include=".gitignore" />
    <None Include="default_users.json" />
    <None Include="UserSetting.db" />
    <None Include="3rdparty\spdlog\include\spdlog\fmt\bundled\fmt.license.rst" />
    <None Include="3rdparty\tiff\lib\pkgconfig\libtiff-4.pc" />
    <None Include="x64\Debug\HiPrint.exe" />
    <None Include="x64\Debug\HiPrint.pdb" />
    <None Include="x64\Debug\PrinterInterface.dll" />
    <None Include="x64\Debug\tiff.dll" />
    <None Include="x64\Debug\UserParam.db" />
    <None Include="src\docs\PC与PLC交互协议表V1.0版.xlsx" />
    <None Include="HiPrint.pro" />
    <None Include="HiPrintApp.ini" />
    <None Include="style.qss" />
    <None Include="translations\HiPrintProject_en.qm" />
    <None Include="translations\HiPrintProject_zh.qm" />
  </ItemGroup>
  <ItemGroup>
    <Text Include="mylog.txt" />
    <Text Include="x64\Debug\mylog.txt" />
  </ItemGroup>
  <ItemGroup>
    <Image Include="res\3DP.png">
      <Filter>res</Filter>
    </Image>
    <Image Include="res\Abort.png">
      <Filter>res</Filter>
    </Image>
    <Image Include="res\Add.png">
      <Filter>res</Filter>
    </Image>
    <Image Include="res\AddFolder.png">
      <Filter>res</Filter>
    </Image>
    <Image Include="res\Back.png">
      <Filter>res</Filter>
    </Image>
    <Image Include="res\Close.png">
      <Filter>res</Filter>
    </Image>
    <Image Include="res\Delete.png">
      <Filter>res</Filter>
    </Image>
    <Image Include="res\Do.png">
      <Filter>res</Filter>
    </Image>
    <Image Include="res\down.png">
      <Filter>res</Filter>
    </Image>
    <Image Include="res\EN.png">
      <Filter>res</Filter>
    </Image>
    <Image Include="res\HeadPowerOff.png">
      <Filter>res</Filter>
    </Image>
    <Image Include="res\HeadPowerOn.png">
      <Filter>res</Filter>
    </Image>
    <Image Include="res\Home.png">
      <Filter>res</Filter>
    </Image>
    <Image Include="res\Left.png">
      <Filter>res</Filter>
    </Image>
    <Image Include="res\Lock.png">
      <Filter>res</Filter>
    </Image>
    <Image Include="res\Monitor.png">
      <Filter>res</Filter>
    </Image>
    <Image Include="res\Nozzle.png">
      <Filter>res</Filter>
    </Image>
    <Image Include="res\Pause.png">
      <Filter>res</Filter>
    </Image>
    <Image Include="res\PLC.png">
      <Filter>res</Filter>
    </Image>
    <Image Include="res\pullDown.png">
      <Filter>res</Filter>
    </Image>
    <Image Include="res\Right.png">
      <Filter>res</Filter>
    </Image>
    <Image Include="res\Set.png">
      <Filter>res</Filter>
    </Image>
    <Image Include="res\ShrinkingDocuments.png">
      <Filter>res</Filter>
    </Image>
    <Image Include="res\Start.png">
      <Filter>res</Filter>
    </Image>
    <Image Include="res\up.png">
      <Filter>res</Filter>
    </Image>
    <Image Include="res\UpTip.png">
      <Filter>res</Filter>
    </Image>
    <Image Include="res\UserAdmin.png">
      <Filter>res</Filter>
    </Image>
    <Image Include="res\ZAxisDown.png">
      <Filter>res</Filter>
    </Image>
    <Image Include="res\ZAxisSynDown.png">
      <Filter>res</Filter>
    </Image>
    <Image Include="res\ZAxisSynUp.png">
      <Filter>res</Filter>
    </Image>
    <Image Include="res\ZAxisUp.png">
      <Filter>res</Filter>
    </Image>
    <Image Include="images\0000_0.tif">
      <Filter>res</Filter>
    </Image>
    <Image Include="images\0011_0.tif">
      <Filter>res</Filter>
    </Image>
    <Image Include="images\0022_0.tif">
      <Filter>res</Filter>
    </Image>
    <Image Include="images\0033_0.tif">
      <Filter>res</Filter>
    </Image>
    <Image Include="images\0044_0.tif">
      <Filter>res</Filter>
    </Image>
    <Image Include="images\0055_0.tif">
      <Filter>res</Filter>
    </Image>
    <Image Include="images\0066_0.tif">
      <Filter>res</Filter>
    </Image>
    <Image Include="images\output.tif">
      <Filter>res</Filter>
    </Image>
    <Image Include="src\docs\砂型打印系统.png">
      <Filter>res</Filter>
    </Image>
    <Image Include="res\MeteorSetting.png">
      <Filter>res</Filter>
    </Image>
    <Image Include="res\OpenFile.png">
      <Filter>res</Filter>
    </Image>
    <Image Include="res\OpenFolder.png">
      <Filter>res</Filter>
    </Image>
    <Image Include="images\test\0000_0.tif">
      <Filter>res</Filter>
    </Image>
    <Image Include="images\test\0011_0.tif">
      <Filter>res</Filter>
    </Image>
    <Image Include="images\test\0022_0.tif">
      <Filter>res</Filter>
    </Image>
    <Image Include="images\test\0033_0.tif">
      <Filter>res</Filter>
    </Image>
    <Image Include="images\test\0044_0.tif">
      <Filter>res</Filter>
    </Image>
    <Image Include="images\test\0055_0.tif">
      <Filter>res</Filter>
    </Image>
    <Image Include="images\test\0066_0.tif">
      <Filter>res</Filter>
    </Image>
    <Image Include="images\test\output.tif">
      <Filter>res</Filter>
    </Image>
    <Image Include="res\3DP.ico">
      <Filter>res</Filter>
    </Image>
  </ItemGroup>
  <ItemGroup>
    <Library Include="3rdparty\tiff\lib\tiff.lib" />
    <Library Include="3rdparty\tiff\lib\tiffd.lib" />
  </ItemGroup>
  <ItemGroup>
    <ResourceCompile Include="HiPrint.rc">
      <Filter>res</Filter>
    </ResourceCompile>
  </ItemGroup>
  <ItemGroup>
    <QtTranslation Include="translations\HiPrintProject_en.ts">
      <Filter>Translation Files</Filter>
    </QtTranslation>
    <QtTranslation Include="translations\HiPrintProject_zh.ts">
      <Filter>Translation Files</Filter>
    </QtTranslation>
  </ItemGroup>
</Project>